// !$*UTF8*$!
{
	archiveVersion = 1;
	classes = {
	};
	objectVersion = 56;
	objects = {

/* Begin PBXBuildFile section */
		9309DD642B2B2EDA00415CEC /* SAMPLEIOSAPPApp.swift in Sources */ = {isa = PBXBuildFile; fileRef = 9309DD632B2B2EDA00415CEC /* SAMPLEIOSAPPApp.swift */; };
		9309DD662B2B2EDA00415CEC /* ContentView.swift in Sources */ = {isa = PBXBuildFile; fileRef = 9309DD652B2B2EDA00415CEC /* ContentView.swift */; };
		9309DD682B2B2EDB00415CEC /* Assets.xcassets in Resources */ = {isa = PBXBuildFile; fileRef = 9309DD672B2B2EDB00415CEC /* Assets.xcassets */; };
		9309DD6B2B2B2EDB00415CEC /* Preview Assets.xcassets in Resources */ = {isa = PBXBuildFile; fileRef = 9309DD6A2B2B2EDB00415CEC /* Preview Assets.xcassets */; };
		9382EF752B7777B000C144ED /* LoginView.swift in Sources */ = {isa = PBXBuildFile; fileRef = 9382EF742B7777B000C144ED /* LoginView.swift */; };
		9382EF792B77820900C144ED /* LoginViewModel.swift in Sources */ = {isa = PBXBuildFile; fileRef = 9382EF782B77820900C144ED /* LoginViewModel.swift */; };
		9382EF7B2B7790AD00C144ED /* WeatherHomeView.swift in Sources */ = {isa = PBXBuildFile; fileRef = 9382EF7A2B7790AD00C144ED /* WeatherHomeView.swift */; };
		9382EF7D2B7790CC00C144ED /* WeatherHomeViewModel.swift in Sources */ = {isa = PBXBuildFile; fileRef = 9382EF7C2B7790CC00C144ED /* WeatherHomeViewModel.swift */; };
		9382EF802B7790F500C144ED /* WeatherDataModel.swift in Sources */ = {isa = PBXBuildFile; fileRef = 9382EF7F2B7790F500C144ED /* WeatherDataModel.swift */; };
		939158C32B772E3500D6940F /* TextViewCustom.swift in Sources */ = {isa = PBXBuildFile; fileRef = 939158C22B772E3500D6940F /* TextViewCustom.swift */; };
/* End PBXBuildFile section */

/* Begin PBXFileReference section */
		9309DD602B2B2EDA00415CEC /* SAMPLEIOSAPP.app */ = {isa = PBXFileReference; explicitFileType = wrapper.application; includeInIndex = 0; path = SAMPLEIOSAPP.app; sourceTree = BUILT_PRODUCTS_DIR; };
		9309DD632B2B2EDA00415CEC /* SAMPLEIOSAPPApp.swift */ = {isa = PBXFileReference; lastKnownFileType = sourcecode.swift; path = SAMPLEIOSAPPApp.swift; sourceTree = "<group>"; };
		9309DD652B2B2EDA00415CEC /* ContentView.swift */ = {isa = PBXFileReference; lastKnownFileType = sourcecode.swift; path = ContentView.swift; sourceTree = "<group>"; };
		9309DD672B2B2EDB00415CEC /* Assets.xcassets */ = {isa = PBXFileReference; lastKnownFileType = folder.assetcatalog; path = Assets.xcassets; sourceTree = "<group>"; };
		9309DD6A2B2B2EDB00415CEC /* Preview Assets.xcassets */ = {isa = PBXFileReference; lastKnownFileType = folder.assetcatalog; path = "Preview Assets.xcassets"; sourceTree = "<group>"; };
		9382EF742B7777B000C144ED /* LoginView.swift */ = {isa = PBXFileReference; lastKnownFileType = sourcecode.swift; path = LoginView.swift; sourceTree = "<group>"; };
		9382EF782B77820900C144ED /* LoginViewModel.swift */ = {isa = PBXFileReference; lastKnownFileType = sourcecode.swift; path = LoginViewModel.swift; sourceTree = "<group>"; };
		9382EF7A2B7790AD00C144ED /* WeatherHomeView.swift */ = {isa = PBXFileReference; lastKnownFileType = sourcecode.swift; path = WeatherHomeView.swift; sourceTree = "<group>"; };
		9382EF7C2B7790CC00C144ED /* WeatherHomeViewModel.swift */ = {isa = PBXFileReference; lastKnownFileType = sourcecode.swift; path = WeatherHomeViewModel.swift; sourceTree = "<group>"; };
		9382EF7F2B7790F500C144ED /* WeatherDataModel.swift */ = {isa = PBXFileReference; lastKnownFileType = sourcecode.swift; path = WeatherDataModel.swift; sourceTree = "<group>"; };
		939158C22B772E3500D6940F /* TextViewCustom.swift */ = {isa = PBXFileReference; lastKnownFileType = sourcecode.swift; name = TextViewCustom.swift; path = CustomViews/TextViewCustom.swift; sourceTree = "<group>"; };
/* End PBXFileReference section */

/* Begin PBXFrameworksBuildPhase section */
		9309DD5D2B2B2EDA00415CEC /* Frameworks */ = {
			isa = PBXFrameworksBuildPhase;
			buildActionMask = 2147483647;
			files = (
			);
			runOnlyForDeploymentPostprocessing = 0;
		};
/* End PBXFrameworksBuildPhase section */

/* Begin PBXGroup section */
		9309DD572B2B2EDA00415CEC = {
			isa = PBXGroup;
			children = (
				9309DD622B2B2EDA00415CEC /* SAMPLEIOSAPP */,
				9309DD612B2B2EDA00415CEC /* Products */,
			);
			sourceTree = "<group>";
		};
		9309DD612B2B2EDA00415CEC /* Products */ = {
			isa = PBXGroup;
			children = (
				9309DD602B2B2EDA00415CEC /* SAMPLEIOSAPP.app */,
			);
			name = Products;
			sourceTree = "<group>";
		};
		9309DD622B2B2EDA00415CEC /* SAMPLEIOSAPP */ = {
			isa = PBXGroup;
			children = (
				9382EF7E2B7790E000C144ED /* Model */,
				9382EF772B77818400C144ED /* ViewModels */,
				9382EF762B77813C00C144ED /* View */,
				9309DD632B2B2EDA00415CEC /* SAMPLEIOSAPPApp.swift */,
				9309DD652B2B2EDA00415CEC /* ContentView.swift */,
				9309DD672B2B2EDB00415CEC /* Assets.xcassets */,
				9309DD692B2B2EDB00415CEC /* Preview Content */,
				939158C22B772E3500D6940F /* TextViewCustom.swift */,
			);
			path = SAMPLEIOSAPP;
			sourceTree = "<group>";
		};
		9309DD692B2B2EDB00415CEC /* Preview Content */ = {
			isa = PBXGroup;
			children = (
				9309DD6A2B2B2EDB00415CEC /* Preview Assets.xcassets */,
			);
			path = "Preview Content";
			sourceTree = "<group>";
		};
		9382EF762B77813C00C144ED /* View */ = {
			isa = PBXGroup;
			children = (
				9382EF742B7777B000C144ED /* LoginView.swift */,
				9382EF7A2B7790AD00C144ED /* WeatherHomeView.swift */,
			);
			path = View;
			sourceTree = "<group>";
		};
		9382EF772B77818400C144ED /* ViewModels */ = {
			isa = PBXGroup;
			children = (
				9382EF782B77820900C144ED /* LoginViewModel.swift */,
				9382EF7C2B7790CC00C144ED /* WeatherHomeViewModel.swift */,
			);
			path = ViewModels;
			sourceTree = "<group>";
		};
		9382EF7E2B7790E000C144ED /* Model */ = {
			isa = PBXGroup;
			children = (
				9382EF7F2B7790F500C144ED /* WeatherDataModel.swift */,
			);
			path = Model;
			sourceTree = "<group>";
		};
/* End PBXGroup section */

/* Begin PBXNativeTarget section */
		9309DD5F2B2B2EDA00415CEC /* SAMPLEIOSAPP */ = {
			isa = PBXNativeTarget;
			buildConfigurationList = 9309DD6E2B2B2EDB00415CEC /* Build configuration list for PBXNativeTarget "SAMPLEIOSAPP" */;
			buildPhases = (
				9309DD5C2B2B2EDA00415CEC /* Sources */,
				9309DD5D2B2B2EDA00415CEC /* Frameworks */,
				9309DD5E2B2B2EDA00415CEC /* Resources */,
			);
			buildRules = (
			);
			dependencies = (
			);
			name = SAMPLEIOSAPP;
			productName = SAMPLEIOSAPP;
			productReference = 9309DD602B2B2EDA00415CEC /* SAMPLEIOSAPP.app */;
			productType = "com.apple.product-type.application";
		};
/* End PBXNativeTarget section */

/* Begin PBXProject section */
		9309DD582B2B2EDA00415CEC /* Project object */ = {
			isa = PBXProject;
			attributes = {
				BuildIndependentTargetsInParallel = 1;
				LastSwiftUpdateCheck = 1500;
				LastUpgradeCheck = 1500;
				TargetAttributes = {
					9309DD5F2B2B2EDA00415CEC = {
						CreatedOnToolsVersion = 15.0.1;
					};
				};
			};
			buildConfigurationList = 9309DD5B2B2B2EDA00415CEC /* Build configuration list for PBXProject "SAMPLEIOSAPP" */;
			compatibilityVersion = "Xcode 14.0";
			developmentRegion = en;
			hasScannedForEncodings = 0;
			knownRegions = (
				en,
				Base,
			);
			mainGroup = 9309DD572B2B2EDA00415CEC;
			productRefGroup = 9309DD612B2B2EDA00415CEC /* Products */;
			projectDirPath = "";
			projectRoot = "";
			targets = (
				9309DD5F2B2B2EDA00415CEC /* SAMPLEIOSAPP */,
			);
		};
/* End PBXProject section */

/* Begin PBXResourcesBuildPhase section */
		9309DD5E2B2B2EDA00415CEC /* Resources */ = {
			isa = PBXResourcesBuildPhase;
			buildActionMask = 2147483647;
			files = (
				9309DD6B2B2B2EDB00415CEC /* Preview Assets.xcassets in Resources */,
				9309DD682B2B2EDB00415CEC /* Assets.xcassets in Resources */,
			);
			runOnlyForDeploymentPostprocessing = 0;
		};
/* End PBXResourcesBuildPhase section */

/* Begin PBXSourcesBuildPhase section */
		9309DD5C2B2B2EDA00415CEC /* Sources */ = {
			isa = PBXSourcesBuildPhase;
			buildActionMask = 2147483647;
			files = (
				9382EF7B2B7790AD00C144ED /* WeatherHomeView.swift in Sources */,
				9309DD662B2B2EDA00415CEC /* ContentView.swift in Sources */,
				9382EF752B7777B000C144ED /* LoginView.swift in Sources */,
				939158C32B772E3500D6940F /* TextViewCustom.swift in Sources */,
				9382EF802B7790F500C144ED /* WeatherDataModel.swift in Sources */,
				9382EF7D2B7790CC00C144ED /* WeatherHomeViewModel.swift in Sources */,
				9382EF792B77820900C144ED /* LoginViewModel.swift in Sources */,
				9309DD642B2B2EDA00415CEC /* SAMPLEIOSAPPApp.swift in Sources */,
			);
			runOnlyForDeploymentPostprocessing = 0;
		};
/* End PBXSourcesBuildPhase section */

/* Begin XCBuildConfiguration section */
		9309DD6C2B2B2EDB00415CEC /* Debug */ = {
			isa = XCBuildConfiguration;
			buildSettings = {
				ALWAYS_SEARCH_USER_PATHS = NO;
				ASSETCATALOG_COMPILER_GENERATE_SWIFT_ASSET_SYMBOL_EXTENSIONS = YES;
				CLANG_ANALYZER_NONNULL = YES;
				CLANG_ANALYZER_NUMBER_OBJECT_CONVERSION = YES_AGGRESSIVE;
				CLANG_CXX_LANGUAGE_STANDARD = "gnu++20";
				CLANG_ENABLE_MODULES = YES;
				CLANG_ENABLE_OBJC_ARC = YES;
				CLANG_ENABLE_OBJC_WEAK = YES;
				CLANG_WARN_BLOCK_CAPTURE_AUTORELEASING = YES;
				CLANG_WARN_BOOL_CONVERSION = YES;
				CLANG_WARN_COMMA = YES;
				CLANG_WARN_CONSTANT_CONVERSION = YES;
				CLANG_WARN_DEPRECATED_OBJC_IMPLEMENTATIONS = YES;
				CLANG_WARN_DIRECT_OBJC_ISA_USAGE = YES_ERROR;
				CLANG_WARN_DOCUMENTATION_COMMENTS = YES;
				CLANG_WARN_EMPTY_BODY = YES;
				CLANG_WARN_ENUM_CONVERSION = YES;
				CLANG_WARN_INFINITE_RECURSION = YES;
				CLANG_WARN_INT_CONVERSION = YES;
				CLANG_WARN_NON_LITERAL_NULL_CONVERSION = YES;
				CLANG_WARN_OBJC_IMPLICIT_RETAIN_SELF = YES;
				CLANG_WARN_OBJC_LITERAL_CONVERSION = YES;
				CLANG_WARN_OBJC_ROOT_CLASS = YES_ERROR;
				CLANG_WARN_QUOTED_INCLUDE_IN_FRAMEWORK_HEADER = YES;
				CLANG_WARN_RANGE_LOOP_ANALYSIS = YES;
				CLANG_WARN_STRICT_PROTOTYPES = YES;
				CLANG_WARN_SUSPICIOUS_MOVE = YES;
				CLANG_WARN_UNGUARDED_AVAILABILITY = YES_AGGRESSIVE;
				CLANG_WARN_UNREACHABLE_CODE = YES;
				CLANG_WARN__DUPLICATE_METHOD_MATCH = YES;
				COPY_PHASE_STRIP = NO;
				DEBUG_INFORMATION_FORMAT = dwarf;
				ENABLE_STRICT_OBJC_MSGSEND = YES;
				ENABLE_TESTABILITY = YES;
				ENABLE_USER_SCRIPT_SANDBOXING = YES;
				GCC_C_LANGUAGE_STANDARD = gnu17;
				GCC_DYNAMIC_NO_PIC = NO;
				GCC_NO_COMMON_BLOCKS = YES;
				GCC_OPTIMIZATION_LEVEL = 0;
				GCC_PREPROCESSOR_DEFINITIONS = (
					"DEBUG=1",
					"$(inherited)",
				);
				GCC_WARN_64_TO_32_BIT_CONVERSION = YES;
				GCC_WARN_ABOUT_RETURN_TYPE = YES_ERROR;
				GCC_WARN_UNDECLARED_SELECTOR = YES;
				GCC_WARN_UNINITIALIZED_AUTOS = YES_AGGRESSIVE;
				GCC_WARN_UNUSED_FUNCTION = YES;
				GCC_WARN_UNUSED_VARIABLE = YES;
				IPHONEOS_DEPLOYMENT_TARGET = 17.0;
				LOCALIZATION_PREFERS_STRING_CATALOGS = YES;
				MTL_ENABLE_DEBUG_INFO = INCLUDE_SOURCE;
				MTL_FAST_MATH = YES;
				ONLY_ACTIVE_ARCH = YES;
				SDKROOT = iphoneos;
				SWIFT_ACTIVE_COMPILATION_CONDITIONS = "DEBUG $(inherited)";
				SWIFT_OPTIMIZATION_LEVEL = "-Onone";
			};
			name = Debug;
		};
		9309DD6D2B2B2EDB00415CEC /* Release */ = {
			isa = XCBuildConfiguration;
			buildSettings = {
				ALWAYS_SEARCH_USER_PATHS = NO;
				ASSETCATALOG_COMPILER_GENERATE_SWIFT_ASSET_SYMBOL_EXTENSIONS = YES;
				CLANG_ANALYZER_NONNULL = YES;
				CLANG_ANALYZER_NUMBER_OBJECT_CONVERSION = YES_AGGRESSIVE;
				CLANG_CXX_LANGUAGE_STANDARD = "gnu++20";
				CLANG_ENABLE_MODULES = YES;
				CLANG_ENABLE_OBJC_ARC = YES;
				CLANG_ENABLE_OBJC_WEAK = YES;
				CLANG_WARN_BLOCK_CAPTURE_AUTORELEASING = YES;
				CLANG_WARN_BOOL_CONVERSION = YES;
				CLANG_WARN_COMMA = YES;
				CLANG_WARN_CONSTANT_CONVERSION = YES;
				CLANG_WARN_DEPRECATED_OBJC_IMPLEMENTATIONS = YES;
				CLANG_WARN_DIRECT_OBJC_ISA_USAGE = YES_ERROR;
				CLANG_WARN_DOCUMENTATION_COMMENTS = YES;
				CLANG_WARN_EMPTY_BODY = YES;
				CLANG_WARN_ENUM_CONVERSION = YES;
				CLANG_WARN_INFINITE_RECURSION = YES;
				CLANG_WARN_INT_CONVERSION = YES;
				CLANG_WARN_NON_LITERAL_NULL_CONVERSION = YES;
				CLANG_WARN_OBJC_IMPLICIT_RETAIN_SELF = YES;
				CLANG_WARN_OBJC_LITERAL_CONVERSION = YES;
				CLANG_WARN_OBJC_ROOT_CLASS = YES_ERROR;
				CLANG_WARN_QUOTED_INCLUDE_IN_FRAMEWORK_HEADER = YES;
				CLANG_WARN_RANGE_LOOP_ANALYSIS = YES;
				CLANG_WARN_STRICT_PROTOTYPES = YES;
				CLANG_WARN_SUSPICIOUS_MOVE = YES;
				CLANG_WARN_UNGUARDED_AVAILABILITY = YES_AGGRESSIVE;
				CLANG_WARN_UNREACHABLE_CODE = YES;
				CLANG_WARN__DUPLICATE_METHOD_MATCH = YES;
				COPY_PHASE_STRIP = NO;
				DEBUG_INFORMATION_FORMAT = "dwarf-with-dsym";
				ENABLE_NS_ASSERTIONS = NO;
				ENABLE_STRICT_OBJC_MSGSEND = YES;
				ENABLE_USER_SCRIPT_SANDBOXING = YES;
				GCC_C_LANGUAGE_STANDARD = gnu17;
				GCC_NO_COMMON_BLOCKS = YES;
				GCC_WARN_64_TO_32_BIT_CONVERSION = YES;
				GCC_WARN_ABOUT_RETURN_TYPE = YES_ERROR;
				GCC_WARN_UNDECLARED_SELECTOR = YES;
				GCC_WARN_UNINITIALIZED_AUTOS = YES_AGGRESSIVE;
				GCC_WARN_UNUSED_FUNCTION = YES;
				GCC_WARN_UNUSED_VARIABLE = YES;
				IPHONEOS_DEPLOYMENT_TARGET = 17.0;
				LOCALIZATION_PREFERS_STRING_CATALOGS = YES;
				MTL_ENABLE_DEBUG_INFO = NO;
				MTL_FAST_MATH = YES;
				SDKROOT = iphoneos;
				SWIFT_COMPILATION_MODE = wholemodule;
				VALIDATE_PRODUCT = YES;
			};
			name = Release;
		};
		9309DD6F2B2B2EDB00415CEC /* Debug */ = {
			isa = XCBuildConfiguration;
			buildSettings = {
				ASSETCATALOG_COMPILER_APPICON_NAME = AppIcon;
				ASSETCATALOG_COMPILER_GLOBAL_ACCENT_COLOR_NAME = AccentColor;
				CODE_SIGN_STYLE = Automatic;
				CURRENT_PROJECT_VERSION = 1;
				DEVELOPMENT_ASSET_PATHS = "\"SAMPLEIOSAPP/Preview Content\"";
				ENABLE_PREVIEWS = YES;
				GENERATE_INFOPLIST_FILE = YES;
				INFOPLIST_KEY_UIApplicationSceneManifest_Generation = YES;
				INFOPLIST_KEY_UIApplicationSupportsIndirectInputEvents = YES;
				INFOPLIST_KEY_UILaunchScreen_Generation = YES;
				INFOPLIST_KEY_UISupportedInterfaceOrientations_iPad = "UIInterfaceOrientationPortrait UIInterfaceOrientationPortraitUpsideDown UIInterfaceOrientationLandscapeLeft UIInterfaceOrientationLandscapeRight";
				INFOPLIST_KEY_UISupportedInterfaceOrientations_iPhone = "UIInterfaceOrientationPortrait UIInterfaceOrientationLandscapeLeft UIInterfaceOrientationLandscapeRight";
				LD_RUNPATH_SEARCH_PATHS = (
					"$(inherited)",
					"@executable_path/Frameworks",
				);
				MARKETING_VERSION = 1.0;
				PRODUCT_BUNDLE_IDENTIFIER = lk.kraken.SAMPLEIOSAPP;
				PRODUCT_NAME = "$(TARGET_NAME)";
				SWIFT_EMIT_LOC_STRINGS = YES;
				SWIFT_VERSION = 5.0;
				TARGETED_DEVICE_FAMILY = "1,2";
			};
			name = Debug;
		};
		9309DD702B2B2EDB00415CEC /* Release */ = {
			isa = XCBuildConfiguration;
			buildSettings = {
				ASSETCATALOG_COMPILER_APPICON_NAME = AppIcon;
				ASSETCATALOG_COMPILER_GLOBAL_ACCENT_COLOR_NAME = AccentColor;
				CODE_SIGN_STYLE = Automatic;
				CURRENT_PROJECT_VERSION = 1;
				DEVELOPMENT_ASSET_PATHS = "\"SAMPLEIOSAPP/Preview Content\"";
				ENABLE_PREVIEWS = YES;
				GENERATE_INFOPLIST_FILE = YES;
				INFOPLIST_KEY_UIApplicationSceneManifest_Generation = YES;
				INFOPLIST_KEY_UIApplicationSupportsIndirectInputEvents = YES;
				INFOPLIST_KEY_UILaunchScreen_Generation = YES;
				INFOPLIST_KEY_UISupportedInterfaceOrientations_iPad = "UIInterfaceOrientationPortrait UIInterfaceOrientationPortraitUpsideDown UIInterfaceOrientationLandscapeLeft UIInterfaceOrientationLandscapeRight";
				INFOPLIST_KEY_UISupportedInterfaceOrientations_iPhone = "UIInterfaceOrientationPortrait UIInterfaceOrientationLandscapeLeft UIInterfaceOrientationLandscapeRight";
				LD_RUNPATH_SEARCH_PATHS = (
					"$(inherited)",
					"@executable_path/Frameworks",
				);
				MARKETING_VERSION = 1.0;
				PRODUCT_BUNDLE_IDENTIFIER = lk.kraken.SAMPLEIOSAPP;
				PRODUCT_NAME = "$(TARGET_NAME)";
				SWIFT_EMIT_LOC_STRINGS = YES;
				SWIFT_VERSION = 5.0;
				TARGETED_DEVICE_FAMILY = "1,2";
			};
			name = Release;
		};
/* End XCBuildConfiguration section */

/* Begin XCConfigurationList section */
		9309DD5B2B2B2EDA00415CEC /* Build configuration list for PBXProject "SAMPLEIOSAPP" */ = {
			isa = XCConfigurationList;
			buildConfigurations = (
				9309DD6C2B2B2EDB00415CEC /* Debug */,
				9309DD6D2B2B2EDB00415CEC /* Release */,
			);
			defaultConfigurationIsVisible = 0;
			defaultConfigurationName = Release;
		};
		9309DD6E2B2B2EDB00415CEC /* Build configuration list for PBXNativeTarget "SAMPLEIOSAPP" */ = {
			isa = XCConfigurationList;
			buildConfigurations = (
				9309DD6F2B2B2EDB00415CEC /* Debug */,
				9309DD702B2B2EDB00415CEC /* Release */,
			);
			defaultConfigurationIsVisible = 0;
			defaultConfigurationName = Release;
		};
/* End XCConfigurationList section */
	};
	rootObject = 9309DD582B2B2EDA00415CEC /* Project object */;
}
